
Microsoft Visual Studio Solution File, Format Version 12.00
# Visual Studio 15
VisualStudioVersion = 15.0.28010.2016
MinimumVisualStudioVersion = 10.0.40219.1
Project("{FAE04EC0-301F-11D3-BF4B-00C04F79EFBC}") = "GeradorDB", "GerandoDB\GeradorDB.csproj", "{781C8E0B-6BCE-4702-83F7-85A2AB3E8909}"
EndProject
Global
	GlobalSection(SolutionConfigurationPlatforms) = preSolution
		Debug|Any CPU = Debug|Any CPU
		Release|Any CPU = Release|Any CPU
	EndGlobalSection
	GlobalSection(ProjectConfigurationPlatforms) = postSolution
		{781C8E0B-6BCE-4702-83F7-85A2AB3E8909}.Debug|Any CPU.ActiveCfg = Debug|Any CPU
		{781C8E0B-6BCE-4702-83F7-85A2AB3E8909}.Debug|Any CPU.Build.0 = Debug|Any CPU
		{781C8E0B-6BCE-4702-83F7-85A2AB3E8909}.Release|Any CPU.ActiveCfg = Release|Any CPU
		{781C8E0B-6BCE-4702-83F7-85A2AB3E8909}.Release|Any CPU.Build.0 = Release|Any CPU
	EndGlobalSection
	GlobalSection(SolutionProperties) = preSolution
		HideSolutionNode = FALSE
	EndGlobalSection
	GlobalSection(ExtensibilityGlobals) = postSolution
		SolutionGuid = {ECF48C2A-7DE1-4CAA-820F-B06C2D5D576A}
	EndGlobalSection
EndGlobal
